
Microsoft Visual Studio Solution File, Format Version 12.00
# Visual Studio Version 17
VisualStudioVersion = 17.9.34728.123
MinimumVisualStudioVersion = 10.0.40219.1
Project("{FAE04EC0-301F-11D3-BF4B-00C04F79EFBC}") = "LibClassModels", "LibClassModels\LibClassModels.csproj", "{B87CDA43-6F8C-4122-A326-57FCFBFC7E0B}"
EndProject
Project("{FAE04EC0-301F-11D3-BF4B-00C04F79EFBC}") = "ApiClientes", "ApiClientes\ApiClientes.csproj", "{EAD1B9B1-070B-447A-8798-141003A36E96}"
EndProject
Project("{FAE04EC0-301F-11D3-BF4B-00C04F79EFBC}") = "FormClientes", "FormClientes\FormClientes.csproj", "{02A41549-C299-4A49-BEA9-79A6102A2D91}"
EndProject
Project("{FAE04EC0-301F-11D3-BF4B-00C04F79EFBC}") = "Menus", "Menus\Menus.csproj", "{425ABE4C-4D10-4146-B4A7-EB00740A944F}"
EndProject
Global
	GlobalSection(SolutionConfigurationPlatforms) = preSolution
		Debug|Any CPU = Debug|Any CPU
		Release|Any CPU = Release|Any CPU
	EndGlobalSection
	GlobalSection(ProjectConfigurationPlatforms) = postSolution
		{B87CDA43-6F8C-4122-A326-57FCFBFC7E0B}.Debug|Any CPU.ActiveCfg = Debug|Any CPU
		{B87CDA43-6F8C-4122-A326-57FCFBFC7E0B}.Debug|Any CPU.Build.0 = Debug|Any CPU
		{B87CDA43-6F8C-4122-A326-57FCFBFC7E0B}.Release|Any CPU.ActiveCfg = Release|Any CPU
		{B87CDA43-6F8C-4122-A326-57FCFBFC7E0B}.Release|Any CPU.Build.0 = Release|Any CPU
		{EAD1B9B1-070B-447A-8798-141003A36E96}.Debug|Any CPU.ActiveCfg = Debug|Any CPU
		{EAD1B9B1-070B-447A-8798-141003A36E96}.Debug|Any CPU.Build.0 = Debug|Any CPU
		{EAD1B9B1-070B-447A-8798-141003A36E96}.Release|Any CPU.ActiveCfg = Release|Any CPU
		{EAD1B9B1-070B-447A-8798-141003A36E96}.Release|Any CPU.Build.0 = Release|Any CPU
		{02A41549-C299-4A49-BEA9-79A6102A2D91}.Debug|Any CPU.ActiveCfg = Debug|Any CPU
		{02A41549-C299-4A49-BEA9-79A6102A2D91}.Debug|Any CPU.Build.0 = Debug|Any CPU
		{02A41549-C299-4A49-BEA9-79A6102A2D91}.Release|Any CPU.ActiveCfg = Release|Any CPU
		{02A41549-C299-4A49-BEA9-79A6102A2D91}.Release|Any CPU.Build.0 = Release|Any CPU
		{425ABE4C-4D10-4146-B4A7-EB00740A944F}.Debug|Any CPU.ActiveCfg = Debug|Any CPU
		{425ABE4C-4D10-4146-B4A7-EB00740A944F}.Debug|Any CPU.Build.0 = Debug|Any CPU
		{425ABE4C-4D10-4146-B4A7-EB00740A944F}.Release|Any CPU.ActiveCfg = Release|Any CPU
		{425ABE4C-4D10-4146-B4A7-EB00740A944F}.Release|Any CPU.Build.0 = Release|Any CPU
	EndGlobalSection
	GlobalSection(SolutionProperties) = preSolution
		HideSolutionNode = FALSE
	EndGlobalSection
	GlobalSection(ExtensibilityGlobals) = postSolution
		SolutionGuid = {4D769E8B-6D9F-4DE9-9E3F-9ADF22858060}
	EndGlobalSection
EndGlobal
